// !$*UTF8*$!
{
	archiveVersion = 1;
	classes = {
	};
	objectVersion = 50;
	objects = {

/* Begin PBXBuildFile section */
		BB30168E246BC2A0009C6C76 /* AppDelegate.swift in Sources */ = {isa = PBXBuildFile; fileRef = BB30168D246BC2A0009C6C76 /* AppDelegate.swift */; };
		BB301690246BC2A0009C6C76 /* SceneDelegate.swift in Sources */ = {isa = PBXBuildFile; fileRef = BB30168F246BC2A0009C6C76 /* SceneDelegate.swift */; };
		BB301692246BC2A0009C6C76 /* ViewController.swift in Sources */ = {isa = PBXBuildFile; fileRef = BB301691246BC2A0009C6C76 /* ViewController.swift */; };
		BB301695246BC2A0009C6C76 /* Main.storyboard in Resources */ = {isa = PBXBuildFile; fileRef = BB301693246BC2A0009C6C76 /* Main.storyboard */; };
		BB301697246BC2A2009C6C76 /* Assets.xcassets in Resources */ = {isa = PBXBuildFile; fileRef = BB301696246BC2A2009C6C76 /* Assets.xcassets */; };
		BB30169A246BC2A3009C6C76 /* LaunchScreen.storyboard in Resources */ = {isa = PBXBuildFile; fileRef = BB301698246BC2A3009C6C76 /* LaunchScreen.storyboard */; };
		BB3016A2246BC321009C6C76 /* String2SpeechExtension.swift in Sources */ = {isa = PBXBuildFile; fileRef = BB3016A1246BC321009C6C76 /* String2SpeechExtension.swift */; };
		BB3016A4246BC904009C6C76 /* TableViewCell.swift in Sources */ = {isa = PBXBuildFile; fileRef = BB3016A3246BC904009C6C76 /* TableViewCell.swift */; };
/* End PBXBuildFile section */

/* Begin PBXFileReference section */
		BB30168A246BC2A0009C6C76 /* String2SpeechExtension.app */ = {isa = PBXFileReference; explicitFileType = wrapper.application; includeInIndex = 0; path = String2SpeechExtension.app; sourceTree = BUILT_PRODUCTS_DIR; };
		BB30168D246BC2A0009C6C76 /* AppDelegate.swift */ = {isa = PBXFileReference; lastKnownFileType = sourcecode.swift; path = AppDelegate.swift; sourceTree = "<group>"; };
		BB30168F246BC2A0009C6C76 /* SceneDelegate.swift */ = {isa = PBXFileReference; lastKnownFileType = sourcecode.swift; path = SceneDelegate.swift; sourceTree = "<group>"; };
		BB301691246BC2A0009C6C76 /* ViewController.swift */ = {isa = PBXFileReference; lastKnownFileType = sourcecode.swift; path = ViewController.swift; sourceTree = "<group>"; };
		BB301694246BC2A0009C6C76 /* Base */ = {isa = PBXFileReference; lastKnownFileType = file.storyboard; name = Base; path = Base.lproj/Main.storyboard; sourceTree = "<group>"; };
		BB301696246BC2A2009C6C76 /* Assets.xcassets */ = {isa = PBXFileReference; lastKnownFileType = folder.assetcatalog; path = Assets.xcassets; sourceTree = "<group>"; };
		BB301699246BC2A3009C6C76 /* Base */ = {isa = PBXFileReference; lastKnownFileType = file.storyboard; name = Base; path = Base.lproj/LaunchScreen.storyboard; sourceTree = "<group>"; };
		BB30169B246BC2A3009C6C76 /* Info.plist */ = {isa = PBXFileReference; lastKnownFileType = text.plist.xml; path = Info.plist; sourceTree = "<group>"; };
		BB3016A1246BC321009C6C76 /* String2SpeechExtension.swift */ = {isa = PBXFileReference; fileEncoding = 4; lastKnownFileType = sourcecode.swift; path = String2SpeechExtension.swift; sourceTree = "<group>"; };
		BB3016A3246BC904009C6C76 /* TableViewCell.swift */ = {isa = PBXFileReference; lastKnownFileType = sourcecode.swift; path = TableViewCell.swift; sourceTree = "<group>"; };
/* End PBXFileReference section */

/* Begin PBXFrameworksBuildPhase section */
		BB301687246BC2A0009C6C76 /* Frameworks */ = {
			isa = PBXFrameworksBuildPhase;
			buildActionMask = 2147483647;
			files = (
			);
			runOnlyForDeploymentPostprocessing = 0;
		};
/* End PBXFrameworksBuildPhase section */

/* Begin PBXGroup section */
		BB301681246BC2A0009C6C76 = {
			isa = PBXGroup;
			children = (
				BB30168C246BC2A0009C6C76 /* String2SpeechExtension */,
				BB30168B246BC2A0009C6C76 /* Products */,
			);
			sourceTree = "<group>";
		};
		BB30168B246BC2A0009C6C76 /* Products */ = {
			isa = PBXGroup;
			children = (
				BB30168A246BC2A0009C6C76 /* String2SpeechExtension.app */,
			);
			name = Products;
			sourceTree = "<group>";
		};
		BB30168C246BC2A0009C6C76 /* String2SpeechExtension */ = {
			isa = PBXGroup;
			children = (
				BB3016A1246BC321009C6C76 /* String2SpeechExtension.swift */,
				BB30168D246BC2A0009C6C76 /* AppDelegate.swift */,
				BB30168F246BC2A0009C6C76 /* SceneDelegate.swift */,
				BB301691246BC2A0009C6C76 /* ViewController.swift */,
				BB301693246BC2A0009C6C76 /* Main.storyboard */,
				BB301696246BC2A2009C6C76 /* Assets.xcassets */,
				BB301698246BC2A3009C6C76 /* LaunchScreen.storyboard */,
				BB30169B246BC2A3009C6C76 /* Info.plist */,
				BB3016A3246BC904009C6C76 /* TableViewCell.swift */,
			);
			path = String2SpeechExtension;
			sourceTree = "<group>";
		};
/* End PBXGroup section */

/* Begin PBXNativeTarget section */
		BB301689246BC2A0009C6C76 /* String2SpeechExtension */ = {
			isa = PBXNativeTarget;
			buildConfigurationList = BB30169E246BC2A3009C6C76 /* Build configuration list for PBXNativeTarget "String2SpeechExtension" */;
			buildPhases = (
				BB301686246BC2A0009C6C76 /* Sources */,
				BB301687246BC2A0009C6C76 /* Frameworks */,
				BB301688246BC2A0009C6C76 /* Resources */,
			);
			buildRules = (
			);
			dependencies = (
			);
			name = String2SpeechExtension;
			productName = String2SpeechExtension;
			productReference = BB30168A246BC2A0009C6C76 /* String2SpeechExtension.app */;
			productType = "com.apple.product-type.application";
		};
/* End PBXNativeTarget section */

/* Begin PBXProject section */
		BB301682246BC2A0009C6C76 /* Project object */ = {
			isa = PBXProject;
			attributes = {
				LastSwiftUpdateCheck = 1140;
				LastUpgradeCheck = 1140;
				ORGANIZATIONNAME = "Ricardo Venieris";
				TargetAttributes = {
					BB301689246BC2A0009C6C76 = {
						CreatedOnToolsVersion = 11.4.1;
					};
				};
			};
			buildConfigurationList = BB301685246BC2A0009C6C76 /* Build configuration list for PBXProject "String2SpeechExtension" */;
			compatibilityVersion = "Xcode 9.3";
			developmentRegion = en;
			hasScannedForEncodings = 0;
			knownRegions = (
				en,
				Base,
			);
			mainGroup = BB301681246BC2A0009C6C76;
			productRefGroup = BB30168B246BC2A0009C6C76 /* Products */;
			projectDirPath = "";
			projectRoot = "";
			targets = (
				BB301689246BC2A0009C6C76 /* String2SpeechExtension */,
			);
		};
/* End PBXProject section */

/* Begin PBXResourcesBuildPhase section */
		BB301688246BC2A0009C6C76 /* Resources */ = {
			isa = PBXResourcesBuildPhase;
			buildActionMask = 2147483647;
			files = (
				BB30169A246BC2A3009C6C76 /* LaunchScreen.storyboard in Resources */,
				BB301697246BC2A2009C6C76 /* Assets.xcassets in Resources */,
				BB301695246BC2A0009C6C76 /* Main.storyboard in Resources */,
			);
			runOnlyForDeploymentPostprocessing = 0;
		};
/* End PBXResourcesBuildPhase section */

/* Begin PBXSourcesBuildPhase section */
		BB301686246BC2A0009C6C76 /* Sources */ = {
			isa = PBXSourcesBuildPhase;
			buildActionMask = 2147483647;
			files = (
				BB3016A4246BC904009C6C76 /* TableViewCell.swift in Sources */,
				BB301692246BC2A0009C6C76 /* ViewController.swift in Sources */,
				BB30168E246BC2A0009C6C76 /* AppDelegate.swift in Sources */,
				BB3016A2246BC321009C6C76 /* String2SpeechExtension.swift in Sources */,
				BB301690246BC2A0009C6C76 /* SceneDelegate.swift in Sources */,
			);
			runOnlyForDeploymentPostprocessing = 0;
		};
/* End PBXSourcesBuildPhase section */

/* Begin PBXVariantGroup section */
		BB301693246BC2A0009C6C76 /* Main.storyboard */ = {
			isa = PBXVariantGroup;
			children = (
				BB301694246BC2A0009C6C76 /* Base */,
			);
			name = Main.storyboard;
			sourceTree = "<group>";
		};
		BB301698246BC2A3009C6C76 /* LaunchScreen.storyboard */ = {
			isa = PBXVariantGroup;
			children = (
				BB301699246BC2A3009C6C76 /* Base */,
			);
			name = LaunchScreen.storyboard;
			sourceTree = "<group>";
		};
/* End PBXVariantGroup section */

/* Begin XCBuildConfiguration section */
		BB30169C246BC2A3009C6C76 /* Debug */ = {
			isa = XCBuildConfiguration;
			buildSettings = {
				ALWAYS_SEARCH_USER_PATHS = NO;
				CLANG_ANALYZER_NONNULL = YES;
				CLANG_ANALYZER_NUMBER_OBJECT_CONVERSION = YES_AGGRESSIVE;
				CLANG_CXX_LANGUAGE_STANDARD = "gnu++14";
				CLANG_CXX_LIBRARY = "libc++";
				CLANG_ENABLE_MODULES = YES;
				CLANG_ENABLE_OBJC_ARC = YES;
				CLANG_ENABLE_OBJC_WEAK = YES;
				CLANG_WARN_BLOCK_CAPTURE_AUTORELEASING = YES;
				CLANG_WARN_BOOL_CONVERSION = YES;
				CLANG_WARN_COMMA = YES;
				CLANG_WARN_CONSTANT_CONVERSION = YES;
				CLANG_WARN_DEPRECATED_OBJC_IMPLEMENTATIONS = YES;
				CLANG_WARN_DIRECT_OBJC_ISA_USAGE = YES_ERROR;
				CLANG_WARN_DOCUMENTATION_COMMENTS = YES;
				CLANG_WARN_EMPTY_BODY = YES;
				CLANG_WARN_ENUM_CONVERSION = YES;
				CLANG_WARN_INFINITE_RECURSION = YES;
				CLANG_WARN_INT_CONVERSION = YES;
				CLANG_WARN_NON_LITERAL_NULL_CONVERSION = YES;
				CLANG_WARN_OBJC_IMPLICIT_RETAIN_SELF = YES;
				CLANG_WARN_OBJC_LITERAL_CONVERSION = YES;
				CLANG_WARN_OBJC_ROOT_CLASS = YES_ERROR;
				CLANG_WARN_RANGE_LOOP_ANALYSIS = YES;
				CLANG_WARN_STRICT_PROTOTYPES = YES;
				CLANG_WARN_SUSPICIOUS_MOVE = YES;
				CLANG_WARN_UNGUARDED_AVAILABILITY = YES_AGGRESSIVE;
				CLANG_WARN_UNREACHABLE_CODE = YES;
				CLANG_WARN__DUPLICATE_METHOD_MATCH = YES;
				COPY_PHASE_STRIP = NO;
				DEBUG_INFORMATION_FORMAT = dwarf;
				ENABLE_STRICT_OBJC_MSGSEND = YES;
				ENABLE_TESTABILITY = YES;
				GCC_C_LANGUAGE_STANDARD = gnu11;
				GCC_DYNAMIC_NO_PIC = NO;
				GCC_NO_COMMON_BLOCKS = YES;
				GCC_OPTIMIZATION_LEVEL = 0;
				GCC_PREPROCESSOR_DEFINITIONS = (
					"DEBUG=1",
					"$(inherited)",
				);
				GCC_WARN_64_TO_32_BIT_CONVERSION = YES;
				GCC_WARN_ABOUT_RETURN_TYPE = YES_ERROR;
				GCC_WARN_UNDECLARED_SELECTOR = YES;
				GCC_WARN_UNINITIALIZED_AUTOS = YES_AGGRESSIVE;
				GCC_WARN_UNUSED_FUNCTION = YES;
				GCC_WARN_UNUSED_VARIABLE = YES;
				IPHONEOS_DEPLOYMENT_TARGET = 13.4;
				MTL_ENABLE_DEBUG_INFO = INCLUDE_SOURCE;
				MTL_FAST_MATH = YES;
				ONLY_ACTIVE_ARCH = YES;
				SDKROOT = iphoneos;
				SWIFT_ACTIVE_COMPILATION_CONDITIONS = DEBUG;
				SWIFT_OPTIMIZATION_LEVEL = "-Onone";
			};
			name = Debug;
		};
		BB30169D246BC2A3009C6C76 /* Release */ = {
			isa = XCBuildConfiguration;
			buildSettings = {
				ALWAYS_SEARCH_USER_PATHS = NO;
				CLANG_ANALYZER_NONNULL = YES;
				CLANG_ANALYZER_NUMBER_OBJECT_CONVERSION = YES_AGGRESSIVE;
				CLANG_CXX_LANGUAGE_STANDARD = "gnu++14";
				CLANG_CXX_LIBRARY = "libc++";
				CLANG_ENABLE_MODULES = YES;
				CLANG_ENABLE_OBJC_ARC = YES;
				CLANG_ENABLE_OBJC_WEAK = YES;
				CLANG_WARN_BLOCK_CAPTURE_AUTORELEASING = YES;
				CLANG_WARN_BOOL_CONVERSION = YES;
				CLANG_WARN_COMMA = YES;
				CLANG_WARN_CONSTANT_CONVERSION = YES;
				CLANG_WARN_DEPRECATED_OBJC_IMPLEMENTATIONS = YES;
				CLANG_WARN_DIRECT_OBJC_ISA_USAGE = YES_ERROR;
				CLANG_WARN_DOCUMENTATION_COMMENTS = YES;
				CLANG_WARN_EMPTY_BODY = YES;
				CLANG_WARN_ENUM_CONVERSION = YES;
				CLANG_WARN_INFINITE_RECURSION = YES;
				CLANG_WARN_INT_CONVERSION = YES;
				CLANG_WARN_NON_LITERAL_NULL_CONVERSION = YES;
				CLANG_WARN_OBJC_IMPLICIT_RETAIN_SELF = YES;
				CLANG_WARN_OBJC_LITERAL_CONVERSION = YES;
				CLANG_WARN_OBJC_ROOT_CLASS = YES_ERROR;
				CLANG_WARN_RANGE_LOOP_ANALYSIS = YES;
				CLANG_WARN_STRICT_PROTOTYPES = YES;
				CLANG_WARN_SUSPICIOUS_MOVE = YES;
				CLANG_WARN_UNGUARDED_AVAILABILITY = YES_AGGRESSIVE;
				CLANG_WARN_UNREACHABLE_CODE = YES;
				CLANG_WARN__DUPLICATE_METHOD_MATCH = YES;
				COPY_PHASE_STRIP = NO;
				DEBUG_INFORMATION_FORMAT = "dwarf-with-dsym";
				ENABLE_NS_ASSERTIONS = NO;
				ENABLE_STRICT_OBJC_MSGSEND = YES;
				GCC_C_LANGUAGE_STANDARD = gnu11;
				GCC_NO_COMMON_BLOCKS = YES;
				GCC_WARN_64_TO_32_BIT_CONVERSION = YES;
				GCC_WARN_ABOUT_RETURN_TYPE = YES_ERROR;
				GCC_WARN_UNDECLARED_SELECTOR = YES;
				GCC_WARN_UNINITIALIZED_AUTOS = YES_AGGRESSIVE;
				GCC_WARN_UNUSED_FUNCTION = YES;
				GCC_WARN_UNUSED_VARIABLE = YES;
				IPHONEOS_DEPLOYMENT_TARGET = 13.4;
				MTL_ENABLE_DEBUG_INFO = NO;
				MTL_FAST_MATH = YES;
				SDKROOT = iphoneos;
				SWIFT_COMPILATION_MODE = wholemodule;
				SWIFT_OPTIMIZATION_LEVEL = "-O";
				VALIDATE_PRODUCT = YES;
			};
			name = Release;
		};
		BB30169F246BC2A3009C6C76 /* Debug */ = {
			isa = XCBuildConfiguration;
			buildSettings = {
				ASSETCATALOG_COMPILER_APPICON_NAME = AppIcon;
				CODE_SIGN_STYLE = Automatic;
				DEVELOPMENT_TEAM = JT55BTWL93;
				INFOPLIST_FILE = String2SpeechExtension/Info.plist;
				LD_RUNPATH_SEARCH_PATHS = (
					"$(inherited)",
					"@executable_path/Frameworks",
				);
				PRODUCT_BUNDLE_IDENTIFIER = "les.inf.puc-rio.br.String2SpeechExtension";
				PRODUCT_NAME = "$(TARGET_NAME)";
				SWIFT_VERSION = 5.0;
				TARGETED_DEVICE_FAMILY = "1,2";
			};
			name = Debug;
		};
		BB3016A0246BC2A3009C6C76 /* Release */ = {
			isa = XCBuildConfiguration;
			buildSettings = {
				ASSETCATALOG_COMPILER_APPICON_NAME = AppIcon;
				CODE_SIGN_STYLE = Automatic;
				DEVELOPMENT_TEAM = JT55BTWL93;
				INFOPLIST_FILE = String2SpeechExtension/Info.plist;
				LD_RUNPATH_SEARCH_PATHS = (
					"$(inherited)",
					"@executable_path/Frameworks",
				);
				PRODUCT_BUNDLE_IDENTIFIER = "les.inf.puc-rio.br.String2SpeechExtension";
				PRODUCT_NAME = "$(TARGET_NAME)";
				SWIFT_VERSION = 5.0;
				TARGETED_DEVICE_FAMILY = "1,2";
			};
			name = Release;
		};
/* End XCBuildConfiguration section */

/* Begin XCConfigurationList section */
		BB301685246BC2A0009C6C76 /* Build configuration list for PBXProject "String2SpeechExtension" */ = {
			isa = XCConfigurationList;
			buildConfigurations = (
				BB30169C246BC2A3009C6C76 /* Debug */,
				BB30169D246BC2A3009C6C76 /* Release */,
			);
			defaultConfigurationIsVisible = 0;
			defaultConfigurationName = Release;
		};
		BB30169E246BC2A3009C6C76 /* Build configuration list for PBXNativeTarget "String2SpeechExtension" */ = {
			isa = XCConfigurationList;
			buildConfigurations = (
				BB30169F246BC2A3009C6C76 /* Debug */,
				BB3016A0246BC2A3009C6C76 /* Release */,
			);
			defaultConfigurationIsVisible = 0;
			defaultConfigurationName = Release;
		};
/* End XCConfigurationList section */
	};
	rootObject = BB301682246BC2A0009C6C76 /* Project object */;
}
